
Microsoft Visual Studio Solution File, Format Version 12.00
Project("{FAE04EC0-301F-11D3-BF4B-00C04F79EFBC}") = "CrazyBike.Shared", "CrazyBike.Shared\CrazyBike.Shared.csproj", "{BCF791FD-8BBB-464B-9C40-DA59C1C670EE}"
EndProject
Project("{FAE04EC0-301F-11D3-BF4B-00C04F79EFBC}") = "CrazyBike.Buy", "CrazyBike.Buy\CrazyBike.Buy.csproj", "{A26F7BBB-CDDD-4431-B0A6-D82EEE2D319F}"
EndProject
Project("{FAE04EC0-301F-11D3-BF4B-00C04F79EFBC}") = "CrazyBike.Infra", "CrazyBike.Infra\CrazyBike.Infra.csproj", "{55A107A8-9871-4782-BCC5-8D4A8BD434A4}"
EndProject
Project("{FAE04EC0-301F-11D3-BF4B-00C04F79EFBC}") = "CrazyBike.Assembler", "CrazyBike.Assembler\CrazyBike.Assembler.csproj", "{F2CD70C3-4504-44E6-9265-EC714EF9737E}"
EndProject
Global
	GlobalSection(SolutionConfigurationPlatforms) = preSolution
		Debug|Any CPU = Debug|Any CPU
		Release|Any CPU = Release|Any CPU
	EndGlobalSection
	GlobalSection(ProjectConfigurationPlatforms) = postSolution
		{BCF791FD-8BBB-464B-9C40-DA59C1C670EE}.Debug|Any CPU.ActiveCfg = Debug|Any CPU
		{BCF791FD-8BBB-464B-9C40-DA59C1C670EE}.Debug|Any CPU.Build.0 = Debug|Any CPU
		{BCF791FD-8BBB-464B-9C40-DA59C1C670EE}.Release|Any CPU.ActiveCfg = Release|Any CPU
		{BCF791FD-8BBB-464B-9C40-DA59C1C670EE}.Release|Any CPU.Build.0 = Release|Any CPU
		{A26F7BBB-CDDD-4431-B0A6-D82EEE2D319F}.Debug|Any CPU.ActiveCfg = Debug|Any CPU
		{A26F7BBB-CDDD-4431-B0A6-D82EEE2D319F}.Debug|Any CPU.Build.0 = Debug|Any CPU
		{A26F7BBB-CDDD-4431-B0A6-D82EEE2D319F}.Release|Any CPU.ActiveCfg = Release|Any CPU
		{A26F7BBB-CDDD-4431-B0A6-D82EEE2D319F}.Release|Any CPU.Build.0 = Release|Any CPU
		{55A107A8-9871-4782-BCC5-8D4A8BD434A4}.Debug|Any CPU.ActiveCfg = Debug|Any CPU
		{55A107A8-9871-4782-BCC5-8D4A8BD434A4}.Debug|Any CPU.Build.0 = Debug|Any CPU
		{55A107A8-9871-4782-BCC5-8D4A8BD434A4}.Release|Any CPU.ActiveCfg = Release|Any CPU
		{55A107A8-9871-4782-BCC5-8D4A8BD434A4}.Release|Any CPU.Build.0 = Release|Any CPU
		{F2CD70C3-4504-44E6-9265-EC714EF9737E}.Debug|Any CPU.ActiveCfg = Debug|Any CPU
		{F2CD70C3-4504-44E6-9265-EC714EF9737E}.Debug|Any CPU.Build.0 = Debug|Any CPU
		{F2CD70C3-4504-44E6-9265-EC714EF9737E}.Release|Any CPU.ActiveCfg = Release|Any CPU
		{F2CD70C3-4504-44E6-9265-EC714EF9737E}.Release|Any CPU.Build.0 = Release|Any CPU
	EndGlobalSection
EndGlobal
